
Microsoft Visual Studio Solution File, Format Version 12.00
# Visual Studio Version 16
VisualStudioVersion = 16.0.30128.74
MinimumVisualStudioVersion = 10.0.40219.1
Project("{FAE04EC0-301F-11D3-BF4B-00C04F79EFBC}") = "ClassMethodStep161", "ClassMethodStep161\ClassMethodStep161.csproj", "{C71FDF3F-C9E9-48E3-81B2-28B6FC3D0BAA}"
EndProject
Global
	GlobalSection(SolutionConfigurationPlatforms) = preSolution
		Debug|Any CPU = Debug|Any CPU
		Release|Any CPU = Release|Any CPU
	EndGlobalSection
	GlobalSection(ProjectConfigurationPlatforms) = postSolution
		{C71FDF3F-C9E9-48E3-81B2-28B6FC3D0BAA}.Debug|Any CPU.ActiveCfg = Debug|Any CPU
		{C71FDF3F-C9E9-48E3-81B2-28B6FC3D0BAA}.Debug|Any CPU.Build.0 = Debug|Any CPU
		{C71FDF3F-C9E9-48E3-81B2-28B6FC3D0BAA}.Release|Any CPU.ActiveCfg = Release|Any CPU
		{C71FDF3F-C9E9-48E3-81B2-28B6FC3D0BAA}.Release|Any CPU.Build.0 = Release|Any CPU
	EndGlobalSection
	GlobalSection(SolutionProperties) = preSolution
		HideSolutionNode = FALSE
	EndGlobalSection
	GlobalSection(ExtensibilityGlobals) = postSolution
		SolutionGuid = {7BFCF05D-6EC5-4F7C-B026-A35283DAA5FB}
	EndGlobalSection
EndGlobal
