
Microsoft Visual Studio Solution File, Format Version 12.00
# Visual Studio Version 16
VisualStudioVersion = 16.0.30128.74
MinimumVisualStudioVersion = 10.0.40219.1
Project("{FAE04EC0-301F-11D3-BF4B-00C04F79EFBC}") = "FileIOStep219", "FileIOStep219\FileIOStep219.csproj", "{3107D9FE-DE68-4ED4-8EC1-8F0EAFBF503B}"
EndProject
Global
	GlobalSection(SolutionConfigurationPlatforms) = preSolution
		Debug|Any CPU = Debug|Any CPU
		Release|Any CPU = Release|Any CPU
	EndGlobalSection
	GlobalSection(ProjectConfigurationPlatforms) = postSolution
		{3107D9FE-DE68-4ED4-8EC1-8F0EAFBF503B}.Debug|Any CPU.ActiveCfg = Debug|Any CPU
		{3107D9FE-DE68-4ED4-8EC1-8F0EAFBF503B}.Debug|Any CPU.Build.0 = Debug|Any CPU
		{3107D9FE-DE68-4ED4-8EC1-8F0EAFBF503B}.Release|Any CPU.ActiveCfg = Release|Any CPU
		{3107D9FE-DE68-4ED4-8EC1-8F0EAFBF503B}.Release|Any CPU.Build.0 = Release|Any CPU
	EndGlobalSection
	GlobalSection(SolutionProperties) = preSolution
		HideSolutionNode = FALSE
	EndGlobalSection
	GlobalSection(ExtensibilityGlobals) = postSolution
		SolutionGuid = {C38E2463-0BE6-461D-8D59-9681EB479796}
	EndGlobalSection
EndGlobal
