
Microsoft Visual Studio Solution File, Format Version 12.00
# Visual Studio Version 16
VisualStudioVersion = 16.0.30128.74
MinimumVisualStudioVersion = 10.0.40219.1
Project("{FAE04EC0-301F-11D3-BF4B-00C04F79EFBC}") = "IterationAndLoops", "IterationAndLoops\IterationAndLoops.csproj", "{019D74BD-1ED1-4A21-BCE8-D4F290088D60}"
EndProject
Global
	GlobalSection(SolutionConfigurationPlatforms) = preSolution
		Debug|Any CPU = Debug|Any CPU
		Release|Any CPU = Release|Any CPU
	EndGlobalSection
	GlobalSection(ProjectConfigurationPlatforms) = postSolution
		{019D74BD-1ED1-4A21-BCE8-D4F290088D60}.Debug|Any CPU.ActiveCfg = Debug|Any CPU
		{019D74BD-1ED1-4A21-BCE8-D4F290088D60}.Debug|Any CPU.Build.0 = Debug|Any CPU
		{019D74BD-1ED1-4A21-BCE8-D4F290088D60}.Release|Any CPU.ActiveCfg = Release|Any CPU
		{019D74BD-1ED1-4A21-BCE8-D4F290088D60}.Release|Any CPU.Build.0 = Release|Any CPU
	EndGlobalSection
	GlobalSection(SolutionProperties) = preSolution
		HideSolutionNode = FALSE
	EndGlobalSection
	GlobalSection(ExtensibilityGlobals) = postSolution
		SolutionGuid = {21AAE438-5D63-4E45-9A47-F6F72019D269}
	EndGlobalSection
EndGlobal
