
Microsoft Visual Studio Solution File, Format Version 12.00
# Visual Studio Version 16
VisualStudioVersion = 16.0.30128.74
MinimumVisualStudioVersion = 10.0.40219.1
Project("{FAE04EC0-301F-11D3-BF4B-00C04F79EFBC}") = "ClassMethodStep169", "ClassMethodStep169\ClassMethodStep169.csproj", "{5044B502-F79C-4BFE-BAF9-95B0E5D59C54}"
EndProject
Global
	GlobalSection(SolutionConfigurationPlatforms) = preSolution
		Debug|Any CPU = Debug|Any CPU
		Release|Any CPU = Release|Any CPU
	EndGlobalSection
	GlobalSection(ProjectConfigurationPlatforms) = postSolution
		{5044B502-F79C-4BFE-BAF9-95B0E5D59C54}.Debug|Any CPU.ActiveCfg = Debug|Any CPU
		{5044B502-F79C-4BFE-BAF9-95B0E5D59C54}.Debug|Any CPU.Build.0 = Debug|Any CPU
		{5044B502-F79C-4BFE-BAF9-95B0E5D59C54}.Release|Any CPU.ActiveCfg = Release|Any CPU
		{5044B502-F79C-4BFE-BAF9-95B0E5D59C54}.Release|Any CPU.Build.0 = Release|Any CPU
	EndGlobalSection
	GlobalSection(SolutionProperties) = preSolution
		HideSolutionNode = FALSE
	EndGlobalSection
	GlobalSection(ExtensibilityGlobals) = postSolution
		SolutionGuid = {B567979C-13C5-458B-8CFE-F5C506AD4F78}
	EndGlobalSection
EndGlobal
