
Microsoft Visual Studio Solution File, Format Version 12.00
# Visual Studio Version 16
VisualStudioVersion = 16.0.30128.74
MinimumVisualStudioVersion = 10.0.40219.1
Project("{FAE04EC0-301F-11D3-BF4B-00C04F79EFBC}") = "BooleanLogic", "BooleanLogic\BooleanLogic.csproj", "{3D5664A0-24BF-4CF9-88AC-320F8D54FC2B}"
EndProject
Global
	GlobalSection(SolutionConfigurationPlatforms) = preSolution
		Debug|Any CPU = Debug|Any CPU
		Release|Any CPU = Release|Any CPU
	EndGlobalSection
	GlobalSection(ProjectConfigurationPlatforms) = postSolution
		{3D5664A0-24BF-4CF9-88AC-320F8D54FC2B}.Debug|Any CPU.ActiveCfg = Debug|Any CPU
		{3D5664A0-24BF-4CF9-88AC-320F8D54FC2B}.Debug|Any CPU.Build.0 = Debug|Any CPU
		{3D5664A0-24BF-4CF9-88AC-320F8D54FC2B}.Release|Any CPU.ActiveCfg = Release|Any CPU
		{3D5664A0-24BF-4CF9-88AC-320F8D54FC2B}.Release|Any CPU.Build.0 = Release|Any CPU
	EndGlobalSection
	GlobalSection(SolutionProperties) = preSolution
		HideSolutionNode = FALSE
	EndGlobalSection
	GlobalSection(ExtensibilityGlobals) = postSolution
		SolutionGuid = {74242500-D9E0-4F32-99E9-B604ED31E46F}
	EndGlobalSection
EndGlobal
