
Microsoft Visual Studio Solution File, Format Version 12.00
# Visual Studio Version 16
VisualStudioVersion = 16.0.30128.74
MinimumVisualStudioVersion = 10.0.40219.1
Project("{FAE04EC0-301F-11D3-BF4B-00C04F79EFBC}") = "TryCatch_Step152", "TryCatch_Step152\TryCatch_Step152.csproj", "{05B87A16-6DE9-4AB9-9779-5AAABA6E71F4}"
EndProject
Global
	GlobalSection(SolutionConfigurationPlatforms) = preSolution
		Debug|Any CPU = Debug|Any CPU
		Release|Any CPU = Release|Any CPU
	EndGlobalSection
	GlobalSection(ProjectConfigurationPlatforms) = postSolution
		{05B87A16-6DE9-4AB9-9779-5AAABA6E71F4}.Debug|Any CPU.ActiveCfg = Debug|Any CPU
		{05B87A16-6DE9-4AB9-9779-5AAABA6E71F4}.Debug|Any CPU.Build.0 = Debug|Any CPU
		{05B87A16-6DE9-4AB9-9779-5AAABA6E71F4}.Release|Any CPU.ActiveCfg = Release|Any CPU
		{05B87A16-6DE9-4AB9-9779-5AAABA6E71F4}.Release|Any CPU.Build.0 = Release|Any CPU
	EndGlobalSection
	GlobalSection(SolutionProperties) = preSolution
		HideSolutionNode = FALSE
	EndGlobalSection
	GlobalSection(ExtensibilityGlobals) = postSolution
		SolutionGuid = {A9675B1A-03A6-4789-84A1-37131E150AFB}
	EndGlobalSection
EndGlobal
